<?xml version="1.0" encoding="UTF-8"?>
<CodeBlocks_project_file>
	<FileVersion major="1" minor="6"/>
	<Project>
		<Option title="main"/>
		<Option makefile_is_custom="1"/>
		<Option compiler="clang"/>
		<Option virtualFolders="CMake Files\;CMake Files\..\;CMake Files\..\..\;CMake Files\..\..\..\;CMake Files\..\..\..\..\;CMake Files\..\..\..\..\usr\;CMake Files\..\..\..\..\usr\local\;CMake Files\..\..\..\..\usr\local\lib\;CMake Files\..\..\..\..\usr\local\lib\cmake\;CMake Files\..\..\..\..\usr\local\lib\cmake\Boost-1.72.0\;CMake Files\..\..\..\..\usr\local\lib\cmake\boost_headers-1.72.0\;CMake Files\..\..\..\..\usr\local\lib\cmake\boost_system-1.72.0\;"/>
		<Build>
			<Target title="all">
				<Option working_dir="/Users/simon/git/vncpp"/>
				<Option type="4"/>
				<MakeCommands>
					<Build command="/usr/bin/make -f &quot;/Users/simon/git/vncpp/Makefile&quot;  VERBOSE=1 all"/>
					<CompileFile command="/usr/bin/make -f &quot;/Users/simon/git/vncpp/Makefile&quot;  VERBOSE=1 &quot;$file&quot;"/>
					<Clean command="/usr/bin/make -f &quot;/Users/simon/git/vncpp/Makefile&quot;  VERBOSE=1 clean"/>
					<DistClean command="/usr/bin/make -f &quot;/Users/simon/git/vncpp/Makefile&quot;  VERBOSE=1 clean"/>
				</MakeCommands>
			</Target>
			<Target title="rebuild_cache">
				<Option working_dir="/Users/simon/git/vncpp"/>
				<Option type="4"/>
				<MakeCommands>
					<Build command="/usr/bin/make -f &quot;/Users/simon/git/vncpp/Makefile&quot;  VERBOSE=1 rebuild_cache"/>
					<CompileFile command="/usr/bin/make -f &quot;/Users/simon/git/vncpp/Makefile&quot;  VERBOSE=1 &quot;$file&quot;"/>
					<Clean command="/usr/bin/make -f &quot;/Users/simon/git/vncpp/Makefile&quot;  VERBOSE=1 clean"/>
					<DistClean command="/usr/bin/make -f &quot;/Users/simon/git/vncpp/Makefile&quot;  VERBOSE=1 clean"/>
				</MakeCommands>
			</Target>
			<Target title="edit_cache">
				<Option working_dir="/Users/simon/git/vncpp"/>
				<Option type="4"/>
				<MakeCommands>
					<Build command="/usr/bin/make -f &quot;/Users/simon/git/vncpp/Makefile&quot;  VERBOSE=1 edit_cache"/>
					<CompileFile command="/usr/bin/make -f &quot;/Users/simon/git/vncpp/Makefile&quot;  VERBOSE=1 &quot;$file&quot;"/>
					<Clean command="/usr/bin/make -f &quot;/Users/simon/git/vncpp/Makefile&quot;  VERBOSE=1 clean"/>
					<DistClean command="/usr/bin/make -f &quot;/Users/simon/git/vncpp/Makefile&quot;  VERBOSE=1 clean"/>
				</MakeCommands>
			</Target>
			<Target title="main">
				<Option output="/Users/simon/git/vncpp/main" prefix_auto="0" extension_auto="0"/>
				<Option working_dir="/Users/simon/git/vncpp"/>
				<Option object_output="./"/>
				<Option type="1"/>
				<Option compiler="clang"/>
				<Compiler>
					<Add directory="/usr/local/Cellar/openssl/1.0.2t/include"/>
					<Add directory="/Users/simon/git/vncpp/include"/>
					<Add directory="/usr/local/opt/openssl/include"/>
					<Add directory="/usr/local/include"/>
				</Compiler>
				<MakeCommands>
					<Build command="/usr/bin/make -f &quot;/Users/simon/git/vncpp/Makefile&quot;  VERBOSE=1 main"/>
					<CompileFile command="/usr/bin/make -f &quot;/Users/simon/git/vncpp/Makefile&quot;  VERBOSE=1 &quot;$file&quot;"/>
					<Clean command="/usr/bin/make -f &quot;/Users/simon/git/vncpp/Makefile&quot;  VERBOSE=1 clean"/>
					<DistClean command="/usr/bin/make -f &quot;/Users/simon/git/vncpp/Makefile&quot;  VERBOSE=1 clean"/>
				</MakeCommands>
			</Target>
			<Target title="main/fast">
				<Option output="/Users/simon/git/vncpp/main" prefix_auto="0" extension_auto="0"/>
				<Option working_dir="/Users/simon/git/vncpp"/>
				<Option object_output="./"/>
				<Option type="1"/>
				<Option compiler="clang"/>
				<Compiler>
					<Add directory="/usr/local/Cellar/openssl/1.0.2t/include"/>
					<Add directory="/Users/simon/git/vncpp/include"/>
					<Add directory="/usr/local/opt/openssl/include"/>
					<Add directory="/usr/local/include"/>
				</Compiler>
				<MakeCommands>
					<Build command="/usr/bin/make -f &quot;/Users/simon/git/vncpp/Makefile&quot;  VERBOSE=1 main/fast"/>
					<CompileFile command="/usr/bin/make -f &quot;/Users/simon/git/vncpp/Makefile&quot;  VERBOSE=1 &quot;$file&quot;"/>
					<Clean command="/usr/bin/make -f &quot;/Users/simon/git/vncpp/Makefile&quot;  VERBOSE=1 clean"/>
					<DistClean command="/usr/bin/make -f &quot;/Users/simon/git/vncpp/Makefile&quot;  VERBOSE=1 clean"/>
				</MakeCommands>
			</Target>
		</Build>
		<Unit filename="/Users/simon/git/vncpp/include/type/Order.h">
			<Option target="main"/>
		</Unit>
		<Unit filename="/Users/simon/git/vncpp/src/gateway/bybit/BybitGateway.cpp">
			<Option target="main"/>
		</Unit>
		<Unit filename="/Users/simon/git/vncpp/src/gateway/bybit/enum.h">
			<Option target="main"/>
		</Unit>
		<Unit filename="/Users/simon/git/vncpp/src/main.cpp">
			<Option target="main"/>
		</Unit>
		<Unit filename="/Users/simon/git/vncpp/src/trader/BaseGateway.cpp">
			<Option target="main"/>
		</Unit>
		<Unit filename="/Users/simon/git/vncpp/src/trader/RestClient.cpp">
			<Option target="main"/>
		</Unit>
		<Unit filename="/Users/simon/git/vncpp/src/trader/http/connection.cpp">
			<Option target="main"/>
		</Unit>
		<Unit filename="/Users/simon/git/vncpp/CMakeLists.txt">
			<Option virtualFolder="CMake Files\"/>
		</Unit>
		<Unit filename="/Users/simon/git/vncpp/../../../../usr/local/lib/cmake/BoostDetectToolset-1.72.0.cmake">
			<Option virtualFolder="CMake Files\..\..\..\..\usr\local\lib\cmake\"/>
		</Unit>
		<Unit filename="/Users/simon/git/vncpp/../../../../usr/local/lib/cmake/Boost-1.72.0/BoostConfig.cmake">
			<Option virtualFolder="CMake Files\..\..\..\..\usr\local\lib\cmake\Boost-1.72.0\"/>
		</Unit>
		<Unit filename="/Users/simon/git/vncpp/../../../../usr/local/lib/cmake/Boost-1.72.0/BoostConfigVersion.cmake">
			<Option virtualFolder="CMake Files\..\..\..\..\usr\local\lib\cmake\Boost-1.72.0\"/>
		</Unit>
		<Unit filename="/Users/simon/git/vncpp/../../../../usr/local/lib/cmake/boost_headers-1.72.0/boost_headers-config-version.cmake">
			<Option virtualFolder="CMake Files\..\..\..\..\usr\local\lib\cmake\boost_headers-1.72.0\"/>
		</Unit>
		<Unit filename="/Users/simon/git/vncpp/../../../../usr/local/lib/cmake/boost_headers-1.72.0/boost_headers-config.cmake">
			<Option virtualFolder="CMake Files\..\..\..\..\usr\local\lib\cmake\boost_headers-1.72.0\"/>
		</Unit>
		<Unit filename="/Users/simon/git/vncpp/../../../../usr/local/lib/cmake/boost_system-1.72.0/boost_system-config-version.cmake">
			<Option virtualFolder="CMake Files\..\..\..\..\usr\local\lib\cmake\boost_system-1.72.0\"/>
		</Unit>
		<Unit filename="/Users/simon/git/vncpp/../../../../usr/local/lib/cmake/boost_system-1.72.0/boost_system-config.cmake">
			<Option virtualFolder="CMake Files\..\..\..\..\usr\local\lib\cmake\boost_system-1.72.0\"/>
		</Unit>
		<Unit filename="/Users/simon/git/vncpp/../../../../usr/local/lib/cmake/boost_system-1.72.0/libboost_system-variant-mt-shared.cmake">
			<Option virtualFolder="CMake Files\..\..\..\..\usr\local\lib\cmake\boost_system-1.72.0\"/>
		</Unit>
		<Unit filename="/Users/simon/git/vncpp/../../../../usr/local/lib/cmake/boost_system-1.72.0/libboost_system-variant-mt-static.cmake">
			<Option virtualFolder="CMake Files\..\..\..\..\usr\local\lib\cmake\boost_system-1.72.0\"/>
		</Unit>
		<Unit filename="/Users/simon/git/vncpp/../../../../usr/local/lib/cmake/boost_system-1.72.0/libboost_system-variant-shared.cmake">
			<Option virtualFolder="CMake Files\..\..\..\..\usr\local\lib\cmake\boost_system-1.72.0\"/>
		</Unit>
		<Unit filename="/Users/simon/git/vncpp/../../../../usr/local/lib/cmake/boost_system-1.72.0/libboost_system-variant-static.cmake">
			<Option virtualFolder="CMake Files\..\..\..\..\usr\local\lib\cmake\boost_system-1.72.0\"/>
		</Unit>
	</Project>
</CodeBlocks_project_file>
